
Microsoft Visual Studio Solution File, Format Version 12.00
# Visual Studio Version 17
VisualStudioVersion = 17.9.34728.123
MinimumVisualStudioVersion = 10.0.40219.1
Project("{FAE04EC0-301F-11D3-BF4B-00C04F79EFBC}") = "NoAutoTreeCut", "Source\NoAutoTreeCut.csproj", "{3860614F-DDB0-451E-8C85-6AA4C1927EF7}"
EndProject
Global
	GlobalSection(SolutionConfigurationPlatforms) = preSolution
		Debug|Any CPU = Debug|Any CPU
		Release|Any CPU = Release|Any CPU
	EndGlobalSection
	GlobalSection(ProjectConfigurationPlatforms) = postSolution
		{3860614F-DDB0-451E-8C85-6AA4C1927EF7}.Debug|Any CPU.ActiveCfg = Debug|Any CPU
		{3860614F-DDB0-451E-8C85-6AA4C1927EF7}.Debug|Any CPU.Build.0 = Debug|Any CPU
		{3860614F-DDB0-451E-8C85-6AA4C1927EF7}.Release|Any CPU.ActiveCfg = Release|Any CPU
		{3860614F-DDB0-451E-8C85-6AA4C1927EF7}.Release|Any CPU.Build.0 = Release|Any CPU
	EndGlobalSection
	GlobalSection(SolutionProperties) = preSolution
		HideSolutionNode = FALSE
	EndGlobalSection
	GlobalSection(ExtensibilityGlobals) = postSolution
		SolutionGuid = {2572F2C2-E3B4-43C6-B41E-6C97668C158F}
	EndGlobalSection
EndGlobal
